# THIS IS AN AUTOGENERATED FILE. DO NOT EDIT THIS FILE DIRECTLY.
# yarn lockfile v1


"@types/filesize@^3.6.0":
  version "3.6.0"
  resolved "https://registry.yarnpkg.com/@types/filesize/-/filesize-3.6.0.tgz#5f1a25c7b4e3d5ee2bc63133d374d096b7008c8d"

filesize@^3.6.1:
  version "3.6.1"
  resolved "https://registry.yarnpkg.com/filesize/-/filesize-3.6.1.tgz#090bb3ee01b6f801a8a8be99d31710b3422bb317"

typescript@^2.9.1:
  version "2.9.1"
  resolved "https://registry.yarnpkg.com/typescript/-/typescript-2.9.1.tgz#fdb19d2c67a15d11995fd15640e373e09ab09961"
